{
    "_meta": {
        "hash": {
            "sha256": "3228f8d1753ff8712fec0b0a4a21a1bfb934d04b21be369e9930d3810c00ba2e"
        },
        "pipfile-spec": 6,
        "requires": {
            "python_version": "3.12"
        },
        "sources": [
            {
                "name": "pypi",
                "url": "https://pypi.org/simple",
                "verify_ssl": true
            }
        ]
    },
    "default": {
        "asgiref": {
            "hashes": [
                "sha256:3e1e3ecc849832fe52ccf2cb6686b7a55f82bb1d6aee72a58826471390335e47",
                "sha256:c343bd80a0bec947a9860adb4c432ffa7db769836c64238fc34bdc3fec84d590"
            ],
            "markers": "python_version >= '3.8'",
            "version": "==3.8.1"
        },
        "django": {
            "hashes": [
                "sha256:1323617cb624add820cb9611cdcc788312d250824f92ca6048fda8625514af2b",
                "sha256:30de4ee43a98e5d3da36a9002f287ff400b43ca51791920bfb35f6917bfe041c"
            ],
            "index": "pypi",
            "markers": "python_version >= '3.10'",
            "version": "==5.1.7"
        },
        "dnspython": {
            "hashes": [
                "sha256:b4c34b7d10b51bcc3a5071e7b8dee77939f1e878477eeecc965e9835f63c6c86",
                "sha256:ce9c432eda0dc91cf618a5cedf1a4e142651196bbcd2c80e89ed5a907e5cfaf1"
            ],
            "markers": "python_version >= '3.9'",
            "version": "==2.7.0"
        },
        "pymongo": {
            "hashes": [
                "sha256:0734940f9f347904796a98481fb4100859f121017e68b756e7426b66d8b2e176",
                "sha256:13a395554584a50dec350f69df0dc240be11d2b59399f1371311d07bb18133b5",
                "sha256:164865b78bd9e0ec6fdbe2ee58fc1a33666f32f8c455af3c9897c5c58c7b3d00",
                "sha256:1cedc2e38e0186676f96e1d76f40aa2cc016f392ed71f0649a67fd2520dcb35b",
                "sha256:1d679e099d15dac7fd25513dd91032869e291abf2bf6fac33494fc973b0e2346",
                "sha256:29fc4707d5f3918c6ee39250439ff41a70d96dc91ae5bfbc1a74bc204775cb82",
                "sha256:2a5184fd5ff4d96eb7758316646c9cc47ca8b8a8125853a537fe7a47ae50fe51",
                "sha256:3481ece566991a796a63bd5ffc3822cc974554485e5790653369e1fe96998b41",
                "sha256:36f9a3276dfb28b526eb5ca9511b627788cea6c4c8783a0dc609be1999b3506e",
                "sha256:54e24645ceeddaa3224909f073e2695ff3e5c393a82c1e16cd46236d2681651f",
                "sha256:57474d83511292e06f2da585fd3a6cb013d1cba6173df30b3658efb46f74d579",
                "sha256:5848c7180103a7d9bacb32ddf41cd4ec2bfac35f94eaef77d323c8cc8c2ea665",
                "sha256:587328d77d03d380342290d6494df6e7becca25c0621c3ad0be41e3ae751540d",
                "sha256:5a1cfff63667179d4f165124af5843cfd865bc1e774a2bd76fc56592c5dfe5fa",
                "sha256:5c012d44b841320148095b59e246cc0c8891f3ca125dcfa3cc9d89dc1573948b",
                "sha256:5da59332ec88ea662c4a9a99f84b322ed6b9d2999bfb947e186936ccae3941be",
                "sha256:63239e2466d8324564cb4725c12fdd2be0ddfa7d250b4d0e41a47cd269c4cc1c",
                "sha256:6e26ffb4c05b9abdd9d063020c39dfeef6d6fc79945a606ecd35add528e86bbe",
                "sha256:74ebb54f450e557e6f0e950790bab9c9f190243077262e72085ff8feff17a10f",
                "sha256:77c7edf2dc7f0e46a66f440a0d291ae76533a2ead308d176681745b334d714a9",
                "sha256:7bb3de24ec209c44b8b70196252f4294bbf61095747153b0deab358c7085764b",
                "sha256:7f98a4493a221ee5330dad1721181731f122b7492caac7f56cf7d0a695c88ee2",
                "sha256:80b5dc9a8d99d3891cff2664ad21e11bd4d9448a2dd00509bb9c057be31d0a6a",
                "sha256:81273ed1faf58e89c9e0f6290c8026aa31d8d9e45ea8bf0d96713e0433fd1764",
                "sha256:830eeeb7536b901c40aa20c913d431c1d9d10711ee01692d6fb9e4aa891e8444",
                "sha256:8402f5d09540f4a0542624245009f3aec8a9c7d2b7c1a09d6d399a64f6000d5e",
                "sha256:842de0a38ac2579e1c640564e36749c3b596095e7c8701384a70ed1acf16632b",
                "sha256:84643c86a41bc254466be3be0d85e7bc3f4c9ceb4eca44ee7ac751b12fec4785",
                "sha256:8ebb30e04c362576351fb34b1360b3fcfa6e2227a4bafa9bab2acba9c705239d",
                "sha256:8f01c5d7634db67b4e386735edcb7419041ddc3cdaa95dbdb0bbe19fd8f08dda",
                "sha256:9486db58c8d8048b59baac821885d91316a7219a97da13122142fdad1de916c0",
                "sha256:9609849dfd00f2c2e3d17403cdce1a0d81494dc5a4d602d6584a0326be0d46c9",
                "sha256:979cc5ea601f1c1c33824bd4550ab4aa71b367cf5206697cc915840cc495dd73",
                "sha256:9a3572eb86d55ddbb20134f6c5c2af5aeb05120188ca907596561ffeaa4c2644",
                "sha256:a4ba602980f43aa9998b0b8e77fd907cec9c7a845c385dc4e08a8b5716d2a85f",
                "sha256:ab4c1dd1970e34d37c8ab22a2c28578cfe694347997d3692b8440541f4798d85",
                "sha256:ad13aee24d77aef19606eff569bea18124be097a64767ab631e7980f4b3a0a74",
                "sha256:b08c83538635c04694a22a5b6bf6b8156a3c9bc35bcdfb12de157ad1f0fc4d41",
                "sha256:b94a9c22b31c158d254ba74ad41f928b0c3a208caac8d1436ddff711459b3cad",
                "sha256:b9955ddeffa7b236a985ed9c9ab87ca6c98eb02d7bd5034960f385fbfbdb54a0",
                "sha256:bfbfabc46b1bb9253a3916e3c5c5112a0799d2b82bac789528acc579d7294508",
                "sha256:c3410b5ee877430a99ed29b0e2bad8827015d313bbef19dbdba4f470049258d1",
                "sha256:c87ad59bbc88bc41a0396ee87f2d0ad45d23db5649fd0ee2eff6fbc35c046db0",
                "sha256:d05014366bea8b6e403591f81f9ef03871bace4802dc7afe7a066836b2f64e50",
                "sha256:d0ee3e0275f67bddcd83b2263818b7c4ae7af1ecafebe7eb7fd16389457ec210",
                "sha256:d563d16a693c6e38180a54e2a07cb41111422e99267e46304cd6d616a3759d68",
                "sha256:db32510aba8968b62531135ff86c689075e3c6d60636636287ff060469226d07",
                "sha256:e04a102ccb4c9f5a6b06108aa5fc26bfe77c18747bf5b0fbd5f4a3a4298ddb53",
                "sha256:e0c6dfa545205547fb9205243a7327de02141c17cc6910544f2805b07ad45a96",
                "sha256:e4fca5a81546ab91b7ad0fbab754a6932ffc3240fa8ab06b238a3cb97e1395b2",
                "sha256:e75c88f2a765005a3a93fb2367d11451efc90c3a288ade84c247621e3044ff64",
                "sha256:e9ace309794cc5ad5be94b873ad17e85dda09c3bb54c150aa71e9c03447d6763",
                "sha256:ec7c1cfa6dc290f8d7bd85a6ab1e942a2fac4671b2d8c67437fc7c33b2d4e8b4",
                "sha256:ef32b5622dcf7cac2f81af5e14ce9989802bf19b691adb8ad00484e4fa9391c6",
                "sha256:f28d42f9f6d8a5ae05a62401a9cb7c44c5d448dc58299a0ce657084d070ea5f6",
                "sha256:fbbc3ba041cf2e3f1f4eac293af15ce91cfbac68540f6b3733b834ad768aa319",
                "sha256:fea45642c3289304437dd0f459aee47b9dff994f8fff990dd3fd723c0f22caf1"
            ],
            "index": "pypi",
            "markers": "python_version >= '3.9'",
            "version": "==4.11.2"
        },
        "sqlparse": {
            "hashes": [
                "sha256:09f67787f56a0b16ecdbde1bfc7f5d9c3371ca683cfeaa8e6ff60b4807ec9272",
                "sha256:cf2196ed3418f3ba5de6af7e82c694a9fbdbfecccdfc72e281548517081f16ca"
            ],
            "markers": "python_version >= '3.8'",
            "version": "==0.5.3"
        },
        "tzdata": {
            "hashes": [
                "sha256:24894909e88cdb28bd1636c6887801df64cb485bd593f2fd83ef29075a81d694",
                "sha256:7e127113816800496f027041c570f50bcd464a020098a3b6b199517772303639"
            ],
            "markers": "python_version >= '2'",
            "version": "==2025.1"
        }
    },
    "develop": {}
}
